{
  "name": "manifest-directory",
  "version": "0.0.2",
  "lockfileVersion": 3,
  "requires": true,
  "packages": {
    "": {
      "name": "manifest-directory",
      "version": "0.0.2",
      "license": "MIT",
      "devDependencies": {
        "theres-waldo": "^0.0.0"
      }
    },
    "node_modules/theres-waldo": {
      "version": "0.0.0",
      "resolved": "https://registry.npmjs.org/theres-waldo/-/theres-waldo-0.0.0.tgz",
      "integrity": "sha512-bFR+OJ1jsSq4yfPG1dWkH3j2ibniQevP4MvNc3bbamQQ0WRQoUWwPgbeXc9o0pMMjbb0UA5LJNPU6fhGpjOglQ==",
      "dev": true
    }
  }
}
